
Microsoft Visual Studio Solution File, Format Version 12.00
# Visual Studio Version 17
VisualStudioVersion = 17.1.32319.34
MinimumVisualStudioVersion = 10.0.40219.1
Project("{FAE04EC0-301F-11D3-BF4B-00C04F79EFBC}") = "apiTest", "apiTest.csproj", "{A460115E-C342-4FF1-9711-EF7AD0DD418C}"
EndProject
Global
	GlobalSection(SolutionConfigurationPlatforms) = preSolution
		Debug|Any CPU = Debug|Any CPU
		Release|Any CPU = Release|Any CPU
	EndGlobalSection
	GlobalSection(ProjectConfigurationPlatforms) = postSolution
		{A460115E-C342-4FF1-9711-EF7AD0DD418C}.Debug|Any CPU.ActiveCfg = Debug|Any CPU
		{A460115E-C342-4FF1-9711-EF7AD0DD418C}.Debug|Any CPU.Build.0 = Debug|Any CPU
		{A460115E-C342-4FF1-9711-EF7AD0DD418C}.Release|Any CPU.ActiveCfg = Release|Any CPU
		{A460115E-C342-4FF1-9711-EF7AD0DD418C}.Release|Any CPU.Build.0 = Release|Any CPU
	EndGlobalSection
	GlobalSection(SolutionProperties) = preSolution
		HideSolutionNode = FALSE
	EndGlobalSection
	GlobalSection(ExtensibilityGlobals) = postSolution
		SolutionGuid = {47D49C56-F6E6-495C-AC58-DA87C6BD5202}
	EndGlobalSection
EndGlobal
